// !$*UTF8*$!
{
	archiveVersion = 1;
	classes = {
	};
	objectVersion = 51;
	objects = {

/* Begin PBXBuildFile section */
		08FA34DE7232FDBF96CF3A71 /* Pods_Curel_CurelUITests.framework in Frameworks */ = {isa = PBXBuildFile; fileRef = 44DC7E32BED9D473DD09F9CF /* Pods_Curel_CurelUITests.framework */; };
		4D63942225F1A5FB00D1C715 /* Notification.swift in Sources */ = {isa = PBXBuildFile; fileRef = 4D63942125F1A5FB00D1C715 /* Notification.swift */; };
		4D6D3E8925F24E3000DFBB6A /* Cell.swift in Sources */ = {isa = PBXBuildFile; fileRef = 4D6D3E8825F24E3000DFBB6A /* Cell.swift */; };
		4D6D3E8E25F261B600DFBB6A /* HomeCell.xib in Resources */ = {isa = PBXBuildFile; fileRef = 4D6D3E8D25F261B600DFBB6A /* HomeCell.xib */; };
		4D6DA65525F46EFD00BF63B3 /* UIColorEx.swift in Sources */ = {isa = PBXBuildFile; fileRef = 4D6DA65425F46EFD00BF63B3 /* UIColorEx.swift */; };
		4D6DA69C25F4EDFF00BF63B3 /* CurelFaslaneUITests.swift in Sources */ = {isa = PBXBuildFile; fileRef = 4D6DA69B25F4EDFF00BF63B3 /* CurelFaslaneUITests.swift */; };
		4D6DA6A825F4EE6C00BF63B3 /* SnapshotHelper.swift in Sources */ = {isa = PBXBuildFile; fileRef = 4D6DA6A725F4EE6C00BF63B3 /* SnapshotHelper.swift */; };
		4DC88BCF2647EFDA00343C5C /* RowController.swift in Sources */ = {isa = PBXBuildFile; fileRef = 4DC88BCE2647EFDA00343C5C /* RowController.swift */; };
		4DC88BD82647F2E800343C5C /* Model.swift in Sources */ = {isa = PBXBuildFile; fileRef = 4DC88BD72647F2E800343C5C /* Model.swift */; };
		4DC88BE82647F33000343C5C /* Notification.swift in Sources */ = {isa = PBXBuildFile; fileRef = 4DC88BE72647F33000343C5C /* Notification.swift */; };
		4DC88BF72647F36400343C5C /* ViewModel.swift in Sources */ = {isa = PBXBuildFile; fileRef = 4DC88BF62647F36400343C5C /* ViewModel.swift */; };
		4DCDDEA325EF9A3600920F52 /* Model.swift in Sources */ = {isa = PBXBuildFile; fileRef = 4DCDDEA225EF9A3600920F52 /* Model.swift */; };
		4DCDDEAB25EF9A4800920F52 /* ViewModel.swift in Sources */ = {isa = PBXBuildFile; fileRef = 4DCDDEAA25EF9A4800920F52 /* ViewModel.swift */; };
		4DCDDEB125EFC0F600920F52 /* DetailViewController.swift in Sources */ = {isa = PBXBuildFile; fileRef = 4DCDDEB025EFC0F600920F52 /* DetailViewController.swift */; };
		4DDE921A260330410028D97E /* Interface.storyboard in Resources */ = {isa = PBXBuildFile; fileRef = 4DDE9218260330410028D97E /* Interface.storyboard */; };
		4DDE921C260330460028D97E /* Assets.xcassets in Resources */ = {isa = PBXBuildFile; fileRef = 4DDE921B260330460028D97E /* Assets.xcassets */; };
		4DDE9223260330460028D97E /* CurelWatch Extension.appex in Embed App Extensions */ = {isa = PBXBuildFile; fileRef = 4DDE9222260330460028D97E /* CurelWatch Extension.appex */; settings = {ATTRIBUTES = (RemoveHeadersOnCopy, ); }; };
		4DDE9228260330460028D97E /* InterfaceController.swift in Sources */ = {isa = PBXBuildFile; fileRef = 4DDE9227260330460028D97E /* InterfaceController.swift */; };
		4DDE922A260330460028D97E /* ExtensionDelegate.swift in Sources */ = {isa = PBXBuildFile; fileRef = 4DDE9229260330460028D97E /* ExtensionDelegate.swift */; };
		4DDE922C260330460028D97E /* NotificationController.swift in Sources */ = {isa = PBXBuildFile; fileRef = 4DDE922B260330460028D97E /* NotificationController.swift */; };
		4DDE922E260330460028D97E /* ComplicationController.swift in Sources */ = {isa = PBXBuildFile; fileRef = 4DDE922D260330460028D97E /* ComplicationController.swift */; };
		4DDE9230260330490028D97E /* Assets.xcassets in Resources */ = {isa = PBXBuildFile; fileRef = 4DDE922F260330490028D97E /* Assets.xcassets */; };
		4DDE9235260330490028D97E /* CurelWatch.app in Embed Watch Content */ = {isa = PBXBuildFile; fileRef = 4DDE9216260330410028D97E /* CurelWatch.app */; settings = {ATTRIBUTES = (RemoveHeadersOnCopy, ); }; };
		4DEC7E1D25EF95B200E2AB3F /* AppDelegate.swift in Sources */ = {isa = PBXBuildFile; fileRef = 4DEC7E1C25EF95B200E2AB3F /* AppDelegate.swift */; };
		4DEC7E1F25EF95B200E2AB3F /* SceneDelegate.swift in Sources */ = {isa = PBXBuildFile; fileRef = 4DEC7E1E25EF95B200E2AB3F /* SceneDelegate.swift */; };
		4DEC7E2125EF95B200E2AB3F /* ViewController.swift in Sources */ = {isa = PBXBuildFile; fileRef = 4DEC7E2025EF95B200E2AB3F /* ViewController.swift */; };
		4DEC7E2425EF95B200E2AB3F /* Main.storyboard in Resources */ = {isa = PBXBuildFile; fileRef = 4DEC7E2225EF95B200E2AB3F /* Main.storyboard */; };
		4DEC7E2625EF95B500E2AB3F /* Assets.xcassets in Resources */ = {isa = PBXBuildFile; fileRef = 4DEC7E2525EF95B500E2AB3F /* Assets.xcassets */; };
		4DEC7E2925EF95B500E2AB3F /* LaunchScreen.storyboard in Resources */ = {isa = PBXBuildFile; fileRef = 4DEC7E2725EF95B500E2AB3F /* LaunchScreen.storyboard */; };
		4DEC7E3425EF95B500E2AB3F /* CurelTests.swift in Sources */ = {isa = PBXBuildFile; fileRef = 4DEC7E3325EF95B500E2AB3F /* CurelTests.swift */; };
		4DEC7E3F25EF95B500E2AB3F /* CurelUITests.swift in Sources */ = {isa = PBXBuildFile; fileRef = 4DEC7E3E25EF95B500E2AB3F /* CurelUITests.swift */; };
		50068784005847C31B764BD2 /* Pods_CurelTests.framework in Frameworks */ = {isa = PBXBuildFile; fileRef = 7D420D2E3D648E9754B661DA /* Pods_CurelTests.framework */; };
		FA42B0A169FBA101293F93B1 /* Pods_Curel.framework in Frameworks */ = {isa = PBXBuildFile; fileRef = 3692F98389D769889DBEFADE /* Pods_Curel.framework */; };
/* End PBXBuildFile section */

/* Begin PBXContainerItemProxy section */
		4D6DA69E25F4EDFF00BF63B3 /* PBXContainerItemProxy */ = {
			isa = PBXContainerItemProxy;
			containerPortal = 4DEC7E1125EF95B200E2AB3F /* Project object */;
			proxyType = 1;
			remoteGlobalIDString = 4DEC7E1825EF95B200E2AB3F;
			remoteInfo = Curel;
		};
		4DDE9224260330460028D97E /* PBXContainerItemProxy */ = {
			isa = PBXContainerItemProxy;
			containerPortal = 4DEC7E1125EF95B200E2AB3F /* Project object */;
			proxyType = 1;
			remoteGlobalIDString = 4DDE9221260330460028D97E;
			remoteInfo = "CurelWatch Extension";
		};
		4DDE9233260330490028D97E /* PBXContainerItemProxy */ = {
			isa = PBXContainerItemProxy;
			containerPortal = 4DEC7E1125EF95B200E2AB3F /* Project object */;
			proxyType = 1;
			remoteGlobalIDString = 4DDE9215260330410028D97E;
			remoteInfo = CurelWatch;
		};
		4DEC7E3025EF95B500E2AB3F /* PBXContainerItemProxy */ = {
			isa = PBXContainerItemProxy;
			containerPortal = 4DEC7E1125EF95B200E2AB3F /* Project object */;
			proxyType = 1;
			remoteGlobalIDString = 4DEC7E1825EF95B200E2AB3F;
			remoteInfo = Curel;
		};
		4DEC7E3B25EF95B500E2AB3F /* PBXContainerItemProxy */ = {
			isa = PBXContainerItemProxy;
			containerPortal = 4DEC7E1125EF95B200E2AB3F /* Project object */;
			proxyType = 1;
			remoteGlobalIDString = 4DEC7E1825EF95B200E2AB3F;
			remoteInfo = Curel;
		};
/* End PBXContainerItemProxy section */

/* Begin PBXCopyFilesBuildPhase section */
		4DDE9236260330490028D97E /* Embed Watch Content */ = {
			isa = PBXCopyFilesBuildPhase;
			buildActionMask = 2147483647;
			dstPath = "$(CONTENTS_FOLDER_PATH)/Watch";
			dstSubfolderSpec = 16;
			files = (
				4DDE9235260330490028D97E /* CurelWatch.app in Embed Watch Content */,
			);
			name = "Embed Watch Content";
			runOnlyForDeploymentPostprocessing = 0;
		};
		4DDE9239260330490028D97E /* Embed App Extensions */ = {
			isa = PBXCopyFilesBuildPhase;
			buildActionMask = 2147483647;
			dstPath = "";
			dstSubfolderSpec = 13;
			files = (
				4DDE9223260330460028D97E /* CurelWatch Extension.appex in Embed App Extensions */,
			);
			name = "Embed App Extensions";
			runOnlyForDeploymentPostprocessing = 0;
		};
/* End PBXCopyFilesBuildPhase section */

/* Begin PBXFileReference section */
		3692F98389D769889DBEFADE /* Pods_Curel.framework */ = {isa = PBXFileReference; explicitFileType = wrapper.framework; includeInIndex = 0; path = Pods_Curel.framework; sourceTree = BUILT_PRODUCTS_DIR; };
		39B205581CA92F22C28D27CF /* Pods-Curel-CurelUITests.release.xcconfig */ = {isa = PBXFileReference; includeInIndex = 1; lastKnownFileType = text.xcconfig; name = "Pods-Curel-CurelUITests.release.xcconfig"; path = "Target Support Files/Pods-Curel-CurelUITests/Pods-Curel-CurelUITests.release.xcconfig"; sourceTree = "<group>"; };
		3F960C62553D972BA251EDDD /* Pods-Curel.debug.xcconfig */ = {isa = PBXFileReference; includeInIndex = 1; lastKnownFileType = text.xcconfig; name = "Pods-Curel.debug.xcconfig"; path = "Target Support Files/Pods-Curel/Pods-Curel.debug.xcconfig"; sourceTree = "<group>"; };
		44DC7E32BED9D473DD09F9CF /* Pods_Curel_CurelUITests.framework */ = {isa = PBXFileReference; explicitFileType = wrapper.framework; includeInIndex = 0; path = Pods_Curel_CurelUITests.framework; sourceTree = BUILT_PRODUCTS_DIR; };
		4D63942125F1A5FB00D1C715 /* Notification.swift */ = {isa = PBXFileReference; lastKnownFileType = sourcecode.swift; path = Notification.swift; sourceTree = "<group>"; };
		4D6D3E8825F24E3000DFBB6A /* Cell.swift */ = {isa = PBXFileReference; lastKnownFileType = sourcecode.swift; path = Cell.swift; sourceTree = "<group>"; };
		4D6D3E8D25F261B600DFBB6A /* HomeCell.xib */ = {isa = PBXFileReference; lastKnownFileType = file.xib; path = HomeCell.xib; sourceTree = "<group>"; };
		4D6DA65425F46EFD00BF63B3 /* UIColorEx.swift */ = {isa = PBXFileReference; lastKnownFileType = sourcecode.swift; path = UIColorEx.swift; sourceTree = "<group>"; };
		4D6DA69925F4EDFF00BF63B3 /* CurelFaslaneUITests.xctest */ = {isa = PBXFileReference; explicitFileType = wrapper.cfbundle; includeInIndex = 0; path = CurelFaslaneUITests.xctest; sourceTree = BUILT_PRODUCTS_DIR; };
		4D6DA69B25F4EDFF00BF63B3 /* CurelFaslaneUITests.swift */ = {isa = PBXFileReference; lastKnownFileType = sourcecode.swift; path = CurelFaslaneUITests.swift; sourceTree = "<group>"; };
		4D6DA69D25F4EDFF00BF63B3 /* Info.plist */ = {isa = PBXFileReference; lastKnownFileType = text.plist.xml; path = Info.plist; sourceTree = "<group>"; };
		4D6DA6A725F4EE6C00BF63B3 /* SnapshotHelper.swift */ = {isa = PBXFileReference; fileEncoding = 4; lastKnownFileType = sourcecode.swift; name = SnapshotHelper.swift; path = fastlane/SnapshotHelper.swift; sourceTree = SOURCE_ROOT; };
		4DC88BCE2647EFDA00343C5C /* RowController.swift */ = {isa = PBXFileReference; lastKnownFileType = sourcecode.swift; path = RowController.swift; sourceTree = "<group>"; };
		4DC88BD72647F2E800343C5C /* Model.swift */ = {isa = PBXFileReference; lastKnownFileType = sourcecode.swift; path = Model.swift; sourceTree = "<group>"; };
		4DC88BE72647F33000343C5C /* Notification.swift */ = {isa = PBXFileReference; lastKnownFileType = sourcecode.swift; path = Notification.swift; sourceTree = "<group>"; };
		4DC88BF62647F36400343C5C /* ViewModel.swift */ = {isa = PBXFileReference; lastKnownFileType = sourcecode.swift; path = ViewModel.swift; sourceTree = "<group>"; };
		4DCDDEA225EF9A3600920F52 /* Model.swift */ = {isa = PBXFileReference; lastKnownFileType = sourcecode.swift; path = Model.swift; sourceTree = "<group>"; };
		4DCDDEAA25EF9A4800920F52 /* ViewModel.swift */ = {isa = PBXFileReference; lastKnownFileType = sourcecode.swift; path = ViewModel.swift; sourceTree = "<group>"; };
		4DCDDEB025EFC0F600920F52 /* DetailViewController.swift */ = {isa = PBXFileReference; lastKnownFileType = sourcecode.swift; path = DetailViewController.swift; sourceTree = "<group>"; };
		4DDE9216260330410028D97E /* CurelWatch.app */ = {isa = PBXFileReference; explicitFileType = wrapper.application; includeInIndex = 0; path = CurelWatch.app; sourceTree = BUILT_PRODUCTS_DIR; };
		4DDE9219260330410028D97E /* Base */ = {isa = PBXFileReference; lastKnownFileType = file.storyboard; name = Base; path = Base.lproj/Interface.storyboard; sourceTree = "<group>"; };
		4DDE921B260330460028D97E /* Assets.xcassets */ = {isa = PBXFileReference; lastKnownFileType = folder.assetcatalog; path = Assets.xcassets; sourceTree = "<group>"; };
		4DDE921D260330460028D97E /* Info.plist */ = {isa = PBXFileReference; lastKnownFileType = text.plist.xml; path = Info.plist; sourceTree = "<group>"; };
		4DDE9222260330460028D97E /* CurelWatch Extension.appex */ = {isa = PBXFileReference; explicitFileType = "wrapper.app-extension"; includeInIndex = 0; path = "CurelWatch Extension.appex"; sourceTree = BUILT_PRODUCTS_DIR; };
		4DDE9227260330460028D97E /* InterfaceController.swift */ = {isa = PBXFileReference; lastKnownFileType = sourcecode.swift; path = InterfaceController.swift; sourceTree = "<group>"; };
		4DDE9229260330460028D97E /* ExtensionDelegate.swift */ = {isa = PBXFileReference; lastKnownFileType = sourcecode.swift; path = ExtensionDelegate.swift; sourceTree = "<group>"; };
		4DDE922B260330460028D97E /* NotificationController.swift */ = {isa = PBXFileReference; lastKnownFileType = sourcecode.swift; path = NotificationController.swift; sourceTree = "<group>"; };
		4DDE922D260330460028D97E /* ComplicationController.swift */ = {isa = PBXFileReference; lastKnownFileType = sourcecode.swift; path = ComplicationController.swift; sourceTree = "<group>"; };
		4DDE922F260330490028D97E /* Assets.xcassets */ = {isa = PBXFileReference; lastKnownFileType = folder.assetcatalog; path = Assets.xcassets; sourceTree = "<group>"; };
		4DDE9231260330490028D97E /* Info.plist */ = {isa = PBXFileReference; lastKnownFileType = text.plist.xml; path = Info.plist; sourceTree = "<group>"; };
		4DDE9232260330490028D97E /* PushNotificationPayload.apns */ = {isa = PBXFileReference; lastKnownFileType = text; path = PushNotificationPayload.apns; sourceTree = "<group>"; };
		4DEC7E1925EF95B200E2AB3F /* Curel.app */ = {isa = PBXFileReference; explicitFileType = wrapper.application; includeInIndex = 0; path = Curel.app; sourceTree = BUILT_PRODUCTS_DIR; };
		4DEC7E1C25EF95B200E2AB3F /* AppDelegate.swift */ = {isa = PBXFileReference; lastKnownFileType = sourcecode.swift; path = AppDelegate.swift; sourceTree = "<group>"; };
		4DEC7E1E25EF95B200E2AB3F /* SceneDelegate.swift */ = {isa = PBXFileReference; lastKnownFileType = sourcecode.swift; path = SceneDelegate.swift; sourceTree = "<group>"; };
		4DEC7E2025EF95B200E2AB3F /* ViewController.swift */ = {isa = PBXFileReference; lastKnownFileType = sourcecode.swift; path = ViewController.swift; sourceTree = "<group>"; };
		4DEC7E2325EF95B200E2AB3F /* Base */ = {isa = PBXFileReference; lastKnownFileType = file.storyboard; name = Base; path = Base.lproj/Main.storyboard; sourceTree = "<group>"; };
		4DEC7E2525EF95B500E2AB3F /* Assets.xcassets */ = {isa = PBXFileReference; lastKnownFileType = folder.assetcatalog; path = Assets.xcassets; sourceTree = "<group>"; };
		4DEC7E2825EF95B500E2AB3F /* Base */ = {isa = PBXFileReference; lastKnownFileType = file.storyboard; name = Base; path = Base.lproj/LaunchScreen.storyboard; sourceTree = "<group>"; };
		4DEC7E2A25EF95B500E2AB3F /* Info.plist */ = {isa = PBXFileReference; lastKnownFileType = text.plist.xml; path = Info.plist; sourceTree = "<group>"; };
		4DEC7E2F25EF95B500E2AB3F /* CurelTests.xctest */ = {isa = PBXFileReference; explicitFileType = wrapper.cfbundle; includeInIndex = 0; path = CurelTests.xctest; sourceTree = BUILT_PRODUCTS_DIR; };
		4DEC7E3325EF95B500E2AB3F /* CurelTests.swift */ = {isa = PBXFileReference; lastKnownFileType = sourcecode.swift; path = CurelTests.swift; sourceTree = "<group>"; };
		4DEC7E3525EF95B500E2AB3F /* Info.plist */ = {isa = PBXFileReference; lastKnownFileType = text.plist.xml; path = Info.plist; sourceTree = "<group>"; };
		4DEC7E3A25EF95B500E2AB3F /* CurelUITests.xctest */ = {isa = PBXFileReference; explicitFileType = wrapper.cfbundle; includeInIndex = 0; path = CurelUITests.xctest; sourceTree = BUILT_PRODUCTS_DIR; };
		4DEC7E3E25EF95B500E2AB3F /* CurelUITests.swift */ = {isa = PBXFileReference; lastKnownFileType = sourcecode.swift; path = CurelUITests.swift; sourceTree = "<group>"; };
		4DEC7E4025EF95B500E2AB3F /* Info.plist */ = {isa = PBXFileReference; lastKnownFileType = text.plist.xml; path = Info.plist; sourceTree = "<group>"; };
		4DFBA21A25FB9357001B4889 /* README.md */ = {isa = PBXFileReference; lastKnownFileType = net.daringfireball.markdown; path = README.md; sourceTree = "<group>"; };
		7D420D2E3D648E9754B661DA /* Pods_CurelTests.framework */ = {isa = PBXFileReference; explicitFileType = wrapper.framework; includeInIndex = 0; path = Pods_CurelTests.framework; sourceTree = BUILT_PRODUCTS_DIR; };
		819EED1D080212A37A1A8BEA /* Pods-Curel.release.xcconfig */ = {isa = PBXFileReference; includeInIndex = 1; lastKnownFileType = text.xcconfig; name = "Pods-Curel.release.xcconfig"; path = "Target Support Files/Pods-Curel/Pods-Curel.release.xcconfig"; sourceTree = "<group>"; };
		B53B7F948A388B7CF3660595 /* Pods-CurelTests.release.xcconfig */ = {isa = PBXFileReference; includeInIndex = 1; lastKnownFileType = text.xcconfig; name = "Pods-CurelTests.release.xcconfig"; path = "Target Support Files/Pods-CurelTests/Pods-CurelTests.release.xcconfig"; sourceTree = "<group>"; };
		BE13D7DC4537E5942129A635 /* Pods-CurelTests.debug.xcconfig */ = {isa = PBXFileReference; includeInIndex = 1; lastKnownFileType = text.xcconfig; name = "Pods-CurelTests.debug.xcconfig"; path = "Target Support Files/Pods-CurelTests/Pods-CurelTests.debug.xcconfig"; sourceTree = "<group>"; };
		D93419CBBE88C224217BD4AE /* Pods-Curel-CurelUITests.debug.xcconfig */ = {isa = PBXFileReference; includeInIndex = 1; lastKnownFileType = text.xcconfig; name = "Pods-Curel-CurelUITests.debug.xcconfig"; path = "Target Support Files/Pods-Curel-CurelUITests/Pods-Curel-CurelUITests.debug.xcconfig"; sourceTree = "<group>"; };
/* End PBXFileReference section */

/* Begin PBXFrameworksBuildPhase section */
		4D6DA69625F4EDFF00BF63B3 /* Frameworks */ = {
			isa = PBXFrameworksBuildPhase;
			buildActionMask = 2147483647;
			files = (
			);
			runOnlyForDeploymentPostprocessing = 0;
		};
		4DDE921F260330460028D97E /* Frameworks */ = {
			isa = PBXFrameworksBuildPhase;
			buildActionMask = 2147483647;
			files = (
			);
			runOnlyForDeploymentPostprocessing = 0;
		};
		4DEC7E1625EF95B200E2AB3F /* Frameworks */ = {
			isa = PBXFrameworksBuildPhase;
			buildActionMask = 2147483647;
			files = (
				FA42B0A169FBA101293F93B1 /* Pods_Curel.framework in Frameworks */,
			);
			runOnlyForDeploymentPostprocessing = 0;
		};
		4DEC7E2C25EF95B500E2AB3F /* Frameworks */ = {
			isa = PBXFrameworksBuildPhase;
			buildActionMask = 2147483647;
			files = (
				50068784005847C31B764BD2 /* Pods_CurelTests.framework in Frameworks */,
			);
			runOnlyForDeploymentPostprocessing = 0;
		};
		4DEC7E3725EF95B500E2AB3F /* Frameworks */ = {
			isa = PBXFrameworksBuildPhase;
			buildActionMask = 2147483647;
			files = (
				08FA34DE7232FDBF96CF3A71 /* Pods_Curel_CurelUITests.framework in Frameworks */,
			);
			runOnlyForDeploymentPostprocessing = 0;
		};
/* End PBXFrameworksBuildPhase section */

/* Begin PBXGroup section */
		4D63942025F1A5CC00D1C715 /* Some */ = {
			isa = PBXGroup;
			children = (
				4D63942125F1A5FB00D1C715 /* Notification.swift */,
				4D6DA65425F46EFD00BF63B3 /* UIColorEx.swift */,
			);
			path = Some;
			sourceTree = "<group>";
		};
		4D6DA69A25F4EDFF00BF63B3 /* CurelFaslaneUITests */ = {
			isa = PBXGroup;
			children = (
				4D6DA69B25F4EDFF00BF63B3 /* CurelFaslaneUITests.swift */,
				4D6DA6A725F4EE6C00BF63B3 /* SnapshotHelper.swift */,
				4D6DA69D25F4EDFF00BF63B3 /* Info.plist */,
			);
			path = CurelFaslaneUITests;
			sourceTree = "<group>";
		};
		4DC88BD62647F2CC00343C5C /* Model */ = {
			isa = PBXGroup;
			children = (
				4DC88BD72647F2E800343C5C /* Model.swift */,
			);
			path = Model;
			sourceTree = "<group>";
		};
		4DC88BE52647F31700343C5C /* Some */ = {
			isa = PBXGroup;
			children = (
				4DC88BE72647F33000343C5C /* Notification.swift */,
			);
			path = Some;
			sourceTree = "<group>";
		};
		4DC88BF52647F35400343C5C /* ViewModel */ = {
			isa = PBXGroup;
			children = (
				4DC88BF62647F36400343C5C /* ViewModel.swift */,
			);
			path = ViewModel;
			sourceTree = "<group>";
		};
		4DCDDEA025EF9A0A00920F52 /* Model */ = {
			isa = PBXGroup;
			children = (
				4DCDDEA225EF9A3600920F52 /* Model.swift */,
			);
			path = Model;
			sourceTree = "<group>";
		};
		4DCDDEA125EF9A2000920F52 /* ViewModel */ = {
			isa = PBXGroup;
			children = (
				4DCDDEAA25EF9A4800920F52 /* ViewModel.swift */,
			);
			path = ViewModel;
			sourceTree = "<group>";
		};
		4DCDDEAF25EFC0A700920F52 /* ViewController */ = {
			isa = PBXGroup;
			children = (
				4DEC7E2025EF95B200E2AB3F /* ViewController.swift */,
				4DCDDEB025EFC0F600920F52 /* DetailViewController.swift */,
				4D6D3E8825F24E3000DFBB6A /* Cell.swift */,
				4D6D3E8D25F261B600DFBB6A /* HomeCell.xib */,
			);
			path = ViewController;
			sourceTree = "<group>";
		};
		4DDE9217260330410028D97E /* CurelWatch */ = {
			isa = PBXGroup;
			children = (
				4DDE9218260330410028D97E /* Interface.storyboard */,
				4DDE921B260330460028D97E /* Assets.xcassets */,
				4DDE921D260330460028D97E /* Info.plist */,
			);
			path = CurelWatch;
			sourceTree = "<group>";
		};
		4DDE9226260330460028D97E /* CurelWatch Extension */ = {
			isa = PBXGroup;
			children = (
				4DDE9227260330460028D97E /* InterfaceController.swift */,
				4DC88BCE2647EFDA00343C5C /* RowController.swift */,
				4DDE9229260330460028D97E /* ExtensionDelegate.swift */,
				4DDE922B260330460028D97E /* NotificationController.swift */,
				4DDE922D260330460028D97E /* ComplicationController.swift */,
				4DC88BF52647F35400343C5C /* ViewModel */,
				4DC88BE52647F31700343C5C /* Some */,
				4DC88BD62647F2CC00343C5C /* Model */,
				4DDE922F260330490028D97E /* Assets.xcassets */,
				4DDE9231260330490028D97E /* Info.plist */,
				4DDE9232260330490028D97E /* PushNotificationPayload.apns */,
			);
			path = "CurelWatch Extension";
			sourceTree = "<group>";
		};
		4DEC7E1025EF95B200E2AB3F = {
			isa = PBXGroup;
			children = (
				4DFBA21A25FB9357001B4889 /* README.md */,
				4DEC7E1B25EF95B200E2AB3F /* Curel */,
				4DEC7E3225EF95B500E2AB3F /* CurelTests */,
				4DEC7E3D25EF95B500E2AB3F /* CurelUITests */,
				4D6DA69A25F4EDFF00BF63B3 /* CurelFaslaneUITests */,
				4DDE9217260330410028D97E /* CurelWatch */,
				4DDE9226260330460028D97E /* CurelWatch Extension */,
				4DEC7E1A25EF95B200E2AB3F /* Products */,
				786025FBBD54588098320153 /* Pods */,
				B5348E13686F216CBE646DC7 /* Frameworks */,
			);
			sourceTree = "<group>";
		};
		4DEC7E1A25EF95B200E2AB3F /* Products */ = {
			isa = PBXGroup;
			children = (
				4DEC7E1925EF95B200E2AB3F /* Curel.app */,
				4DEC7E2F25EF95B500E2AB3F /* CurelTests.xctest */,
				4DEC7E3A25EF95B500E2AB3F /* CurelUITests.xctest */,
				4D6DA69925F4EDFF00BF63B3 /* CurelFaslaneUITests.xctest */,
				4DDE9216260330410028D97E /* CurelWatch.app */,
				4DDE9222260330460028D97E /* CurelWatch Extension.appex */,
			);
			name = Products;
			sourceTree = "<group>";
		};
		4DEC7E1B25EF95B200E2AB3F /* Curel */ = {
			isa = PBXGroup;
			children = (
				4DEC7E1C25EF95B200E2AB3F /* AppDelegate.swift */,
				4DEC7E1E25EF95B200E2AB3F /* SceneDelegate.swift */,
				4DCDDEAF25EFC0A700920F52 /* ViewController */,
				4DCDDEA125EF9A2000920F52 /* ViewModel */,
				4D63942025F1A5CC00D1C715 /* Some */,
				4DCDDEA025EF9A0A00920F52 /* Model */,
				4DEC7E2225EF95B200E2AB3F /* Main.storyboard */,
				4DEC7E2525EF95B500E2AB3F /* Assets.xcassets */,
				4DEC7E2725EF95B500E2AB3F /* LaunchScreen.storyboard */,
				4DEC7E2A25EF95B500E2AB3F /* Info.plist */,
			);
			path = Curel;
			sourceTree = "<group>";
		};
		4DEC7E3225EF95B500E2AB3F /* CurelTests */ = {
			isa = PBXGroup;
			children = (
				4DEC7E3325EF95B500E2AB3F /* CurelTests.swift */,
				4DEC7E3525EF95B500E2AB3F /* Info.plist */,
			);
			path = CurelTests;
			sourceTree = "<group>";
		};
		4DEC7E3D25EF95B500E2AB3F /* CurelUITests */ = {
			isa = PBXGroup;
			children = (
				4DEC7E3E25EF95B500E2AB3F /* CurelUITests.swift */,
				4DEC7E4025EF95B500E2AB3F /* Info.plist */,
			);
			path = CurelUITests;
			sourceTree = "<group>";
		};
		786025FBBD54588098320153 /* Pods */ = {
			isa = PBXGroup;
			children = (
				3F960C62553D972BA251EDDD /* Pods-Curel.debug.xcconfig */,
				819EED1D080212A37A1A8BEA /* Pods-Curel.release.xcconfig */,
				D93419CBBE88C224217BD4AE /* Pods-Curel-CurelUITests.debug.xcconfig */,
				39B205581CA92F22C28D27CF /* Pods-Curel-CurelUITests.release.xcconfig */,
				BE13D7DC4537E5942129A635 /* Pods-CurelTests.debug.xcconfig */,
				B53B7F948A388B7CF3660595 /* Pods-CurelTests.release.xcconfig */,
			);
			path = Pods;
			sourceTree = "<group>";
		};
		B5348E13686F216CBE646DC7 /* Frameworks */ = {
			isa = PBXGroup;
			children = (
				3692F98389D769889DBEFADE /* Pods_Curel.framework */,
				44DC7E32BED9D473DD09F9CF /* Pods_Curel_CurelUITests.framework */,
				7D420D2E3D648E9754B661DA /* Pods_CurelTests.framework */,
			);
			name = Frameworks;
			sourceTree = "<group>";
		};
/* End PBXGroup section */

/* Begin PBXNativeTarget section */
		4D6DA69825F4EDFF00BF63B3 /* CurelFaslaneUITests */ = {
			isa = PBXNativeTarget;
			buildConfigurationList = 4D6DA6A225F4EDFF00BF63B3 /* Build configuration list for PBXNativeTarget "CurelFaslaneUITests" */;
			buildPhases = (
				4D6DA69525F4EDFF00BF63B3 /* Sources */,
				4D6DA69625F4EDFF00BF63B3 /* Frameworks */,
				4D6DA69725F4EDFF00BF63B3 /* Resources */,
			);
			buildRules = (
			);
			dependencies = (
				4D6DA69F25F4EDFF00BF63B3 /* PBXTargetDependency */,
			);
			name = CurelFaslaneUITests;
			productName = CurelFaslaneUITests;
			productReference = 4D6DA69925F4EDFF00BF63B3 /* CurelFaslaneUITests.xctest */;
			productType = "com.apple.product-type.bundle.ui-testing";
		};
		4DDE9215260330410028D97E /* CurelWatch */ = {
			isa = PBXNativeTarget;
			buildConfigurationList = 4DDE923D260330490028D97E /* Build configuration list for PBXNativeTarget "CurelWatch" */;
			buildPhases = (
				4DDE9214260330410028D97E /* Resources */,
				4DDE9239260330490028D97E /* Embed App Extensions */,
			);
			buildRules = (
			);
			dependencies = (
				4DDE9225260330460028D97E /* PBXTargetDependency */,
			);
			name = CurelWatch;
			productName = CurelWatch;
			productReference = 4DDE9216260330410028D97E /* CurelWatch.app */;
			productType = "com.apple.product-type.application.watchapp2";
		};
		4DDE9221260330460028D97E /* CurelWatch Extension */ = {
			isa = PBXNativeTarget;
			buildConfigurationList = 4DDE923C260330490028D97E /* Build configuration list for PBXNativeTarget "CurelWatch Extension" */;
			buildPhases = (
				4DDE921E260330460028D97E /* Sources */,
				4DDE921F260330460028D97E /* Frameworks */,
				4DDE9220260330460028D97E /* Resources */,
			);
			buildRules = (
			);
			dependencies = (
			);
			name = "CurelWatch Extension";
			productName = "CurelWatch Extension";
			productReference = 4DDE9222260330460028D97E /* CurelWatch Extension.appex */;
			productType = "com.apple.product-type.watchkit2-extension";
		};
		4DEC7E1825EF95B200E2AB3F /* Curel */ = {
			isa = PBXNativeTarget;
			buildConfigurationList = 4DEC7E4325EF95B500E2AB3F /* Build configuration list for PBXNativeTarget "Curel" */;
			buildPhases = (
				A8BE49DED9F93A54352A7862 /* [CP] Check Pods Manifest.lock */,
				4DEC7E1525EF95B200E2AB3F /* Sources */,
				4DEC7E1625EF95B200E2AB3F /* Frameworks */,
				4DEC7E1725EF95B200E2AB3F /* Resources */,
				49B48D2B8808298EC315727A /* [CP] Embed Pods Frameworks */,
				4DDE9236260330490028D97E /* Embed Watch Content */,
			);
			buildRules = (
			);
			dependencies = (
				4DDE9234260330490028D97E /* PBXTargetDependency */,
			);
			name = Curel;
			productName = Curel;
			productReference = 4DEC7E1925EF95B200E2AB3F /* Curel.app */;
			productType = "com.apple.product-type.application";
		};
		4DEC7E2E25EF95B500E2AB3F /* CurelTests */ = {
			isa = PBXNativeTarget;
			buildConfigurationList = 4DEC7E4625EF95B500E2AB3F /* Build configuration list for PBXNativeTarget "CurelTests" */;
			buildPhases = (
				BBF90087B4CDB8FED2BF0162 /* [CP] Check Pods Manifest.lock */,
				4DEC7E2B25EF95B500E2AB3F /* Sources */,
				4DEC7E2C25EF95B500E2AB3F /* Frameworks */,
				4DEC7E2D25EF95B500E2AB3F /* Resources */,
			);
			buildRules = (
			);
			dependencies = (
				4DEC7E3125EF95B500E2AB3F /* PBXTargetDependency */,
			);
			name = CurelTests;
			productName = CurelTests;
			productReference = 4DEC7E2F25EF95B500E2AB3F /* CurelTests.xctest */;
			productType = "com.apple.product-type.bundle.unit-test";
		};
		4DEC7E3925EF95B500E2AB3F /* CurelUITests */ = {
			isa = PBXNativeTarget;
			buildConfigurationList = 4DEC7E4925EF95B500E2AB3F /* Build configuration list for PBXNativeTarget "CurelUITests" */;
			buildPhases = (
				A8F540D57BFFE97A9D786261 /* [CP] Check Pods Manifest.lock */,
				4DEC7E3625EF95B500E2AB3F /* Sources */,
				4DEC7E3725EF95B500E2AB3F /* Frameworks */,
				4DEC7E3825EF95B500E2AB3F /* Resources */,
				DFBF9EF2B6CF412959F67069 /* [CP] Embed Pods Frameworks */,
			);
			buildRules = (
			);
			dependencies = (
				4DEC7E3C25EF95B500E2AB3F /* PBXTargetDependency */,
			);
			name = CurelUITests;
			productName = CurelUITests;
			productReference = 4DEC7E3A25EF95B500E2AB3F /* CurelUITests.xctest */;
			productType = "com.apple.product-type.bundle.ui-testing";
		};
/* End PBXNativeTarget section */

/* Begin PBXProject section */
		4DEC7E1125EF95B200E2AB3F /* Project object */ = {
			isa = PBXProject;
			attributes = {
				LastSwiftUpdateCheck = 1240;
				LastUpgradeCheck = 1240;
				TargetAttributes = {
					4D6DA69825F4EDFF00BF63B3 = {
						CreatedOnToolsVersion = 12.4;
						ProvisioningStyle = Automatic;
						TestTargetID = 4DEC7E1825EF95B200E2AB3F;
					};
					4DDE9215260330410028D97E = {
						CreatedOnToolsVersion = 12.4;
					};
					4DDE9221260330460028D97E = {
						CreatedOnToolsVersion = 12.4;
					};
					4DEC7E1825EF95B200E2AB3F = {
						CreatedOnToolsVersion = 12.4;
						ProvisioningStyle = Automatic;
					};
					4DEC7E2E25EF95B500E2AB3F = {
						CreatedOnToolsVersion = 12.4;
						ProvisioningStyle = Automatic;
						TestTargetID = 4DEC7E1825EF95B200E2AB3F;
					};
					4DEC7E3925EF95B500E2AB3F = {
						CreatedOnToolsVersion = 12.4;
						ProvisioningStyle = Automatic;
						TestTargetID = 4DEC7E1825EF95B200E2AB3F;
					};
				};
			};
			buildConfigurationList = 4DEC7E1425EF95B200E2AB3F /* Build configuration list for PBXProject "Curel" */;
			compatibilityVersion = "Xcode 9.3";
			developmentRegion = en;
			hasScannedForEncodings = 0;
			knownRegions = (
				en,
				Base,
			);
			mainGroup = 4DEC7E1025EF95B200E2AB3F;
			productRefGroup = 4DEC7E1A25EF95B200E2AB3F /* Products */;
			projectDirPath = "";
			projectRoot = "";
			targets = (
				4DEC7E1825EF95B200E2AB3F /* Curel */,
				4DEC7E2E25EF95B500E2AB3F /* CurelTests */,
				4DEC7E3925EF95B500E2AB3F /* CurelUITests */,
				4D6DA69825F4EDFF00BF63B3 /* CurelFaslaneUITests */,
				4DDE9215260330410028D97E /* CurelWatch */,
				4DDE9221260330460028D97E /* CurelWatch Extension */,
			);
		};
/* End PBXProject section */

/* Begin PBXResourcesBuildPhase section */
		4D6DA69725F4EDFF00BF63B3 /* Resources */ = {
			isa = PBXResourcesBuildPhase;
			buildActionMask = 2147483647;
			files = (
			);
			runOnlyForDeploymentPostprocessing = 0;
		};
		4DDE9214260330410028D97E /* Resources */ = {
			isa = PBXResourcesBuildPhase;
			buildActionMask = 2147483647;
			files = (
				4DDE921C260330460028D97E /* Assets.xcassets in Resources */,
				4DDE921A260330410028D97E /* Interface.storyboard in Resources */,
			);
			runOnlyForDeploymentPostprocessing = 0;
		};
		4DDE9220260330460028D97E /* Resources */ = {
			isa = PBXResourcesBuildPhase;
			buildActionMask = 2147483647;
			files = (
				4DDE9230260330490028D97E /* Assets.xcassets in Resources */,
			);
			runOnlyForDeploymentPostprocessing = 0;
		};
		4DEC7E1725EF95B200E2AB3F /* Resources */ = {
			isa = PBXResourcesBuildPhase;
			buildActionMask = 2147483647;
			files = (
				4DEC7E2925EF95B500E2AB3F /* LaunchScreen.storyboard in Resources */,
				4D6D3E8E25F261B600DFBB6A /* HomeCell.xib in Resources */,
				4DEC7E2625EF95B500E2AB3F /* Assets.xcassets in Resources */,
				4DEC7E2425EF95B200E2AB3F /* Main.storyboard in Resources */,
			);
			runOnlyForDeploymentPostprocessing = 0;
		};
		4DEC7E2D25EF95B500E2AB3F /* Resources */ = {
			isa = PBXResourcesBuildPhase;
			buildActionMask = 2147483647;
			files = (
			);
			runOnlyForDeploymentPostprocessing = 0;
		};
		4DEC7E3825EF95B500E2AB3F /* Resources */ = {
			isa = PBXResourcesBuildPhase;
			buildActionMask = 2147483647;
			files = (
			);
			runOnlyForDeploymentPostprocessing = 0;
		};
/* End PBXResourcesBuildPhase section */

/* Begin PBXShellScriptBuildPhase section */
		49B48D2B8808298EC315727A /* [CP] Embed Pods Frameworks */ = {
			isa = PBXShellScriptBuildPhase;
			buildActionMask = 2147483647;
			files = (
			);
			inputFileListPaths = (
				"${PODS_ROOT}/Target Support Files/Pods-Curel/Pods-Curel-frameworks-${CONFIGURATION}-input-files.xcfilelist",
			);
			name = "[CP] Embed Pods Frameworks";
			outputFileListPaths = (
				"${PODS_ROOT}/Target Support Files/Pods-Curel/Pods-Curel-frameworks-${CONFIGURATION}-output-files.xcfilelist",
			);
			runOnlyForDeploymentPostprocessing = 0;
			shellPath = /bin/sh;
			shellScript = "\"${PODS_ROOT}/Target Support Files/Pods-Curel/Pods-Curel-frameworks.sh\"\n";
			showEnvVarsInLog = 0;
		};
		A8BE49DED9F93A54352A7862 /* [CP] Check Pods Manifest.lock */ = {
			isa = PBXShellScriptBuildPhase;
			buildActionMask = 2147483647;
			files = (
			);
			inputFileListPaths = (
			);
			inputPaths = (
				"${PODS_PODFILE_DIR_PATH}/Podfile.lock",
				"${PODS_ROOT}/Manifest.lock",
			);
			name = "[CP] Check Pods Manifest.lock";
			outputFileListPaths = (
			);
			outputPaths = (
				"$(DERIVED_FILE_DIR)/Pods-Curel-checkManifestLockResult.txt",
			);
			runOnlyForDeploymentPostprocessing = 0;
			shellPath = /bin/sh;
			shellScript = "diff \"${PODS_PODFILE_DIR_PATH}/Podfile.lock\" \"${PODS_ROOT}/Manifest.lock\" > /dev/null\nif [ $? != 0 ] ; then\n    # print error to STDERR\n    echo \"error: The sandbox is not in sync with the Podfile.lock. Run 'pod install' or update your CocoaPods installation.\" >&2\n    exit 1\nfi\n# This output is used by Xcode 'outputs' to avoid re-running this script phase.\necho \"SUCCESS\" > \"${SCRIPT_OUTPUT_FILE_0}\"\n";
			showEnvVarsInLog = 0;
		};
		A8F540D57BFFE97A9D786261 /* [CP] Check Pods Manifest.lock */ = {
			isa = PBXShellScriptBuildPhase;
			buildActionMask = 2147483647;
			files = (
			);
			inputFileListPaths = (
			);
			inputPaths = (
				"${PODS_PODFILE_DIR_PATH}/Podfile.lock",
				"${PODS_ROOT}/Manifest.lock",
			);
			name = "[CP] Check Pods Manifest.lock";
			outputFileListPaths = (
			);
			outputPaths = (
				"$(DERIVED_FILE_DIR)/Pods-Curel-CurelUITests-checkManifestLockResult.txt",
			);
			runOnlyForDeploymentPostprocessing = 0;
			shellPath = /bin/sh;
			shellScript = "diff \"${PODS_PODFILE_DIR_PATH}/Podfile.lock\" \"${PODS_ROOT}/Manifest.lock\" > /dev/null\nif [ $? != 0 ] ; then\n    # print error to STDERR\n    echo \"error: The sandbox is not in sync with the Podfile.lock. Run 'pod install' or update your CocoaPods installation.\" >&2\n    exit 1\nfi\n# This output is used by Xcode 'outputs' to avoid re-running this script phase.\necho \"SUCCESS\" > \"${SCRIPT_OUTPUT_FILE_0}\"\n";
			showEnvVarsInLog = 0;
		};
		BBF90087B4CDB8FED2BF0162 /* [CP] Check Pods Manifest.lock */ = {
			isa = PBXShellScriptBuildPhase;
			buildActionMask = 2147483647;
			files = (
			);
			inputFileListPaths = (
			);
			inputPaths = (
				"${PODS_PODFILE_DIR_PATH}/Podfile.lock",
				"${PODS_ROOT}/Manifest.lock",
			);
			name = "[CP] Check Pods Manifest.lock";
			outputFileListPaths = (
			);
			outputPaths = (
				"$(DERIVED_FILE_DIR)/Pods-CurelTests-checkManifestLockResult.txt",
			);
			runOnlyForDeploymentPostprocessing = 0;
			shellPath = /bin/sh;
			shellScript = "diff \"${PODS_PODFILE_DIR_PATH}/Podfile.lock\" \"${PODS_ROOT}/Manifest.lock\" > /dev/null\nif [ $? != 0 ] ; then\n    # print error to STDERR\n    echo \"error: The sandbox is not in sync with the Podfile.lock. Run 'pod install' or update your CocoaPods installation.\" >&2\n    exit 1\nfi\n# This output is used by Xcode 'outputs' to avoid re-running this script phase.\necho \"SUCCESS\" > \"${SCRIPT_OUTPUT_FILE_0}\"\n";
			showEnvVarsInLog = 0;
		};
		DFBF9EF2B6CF412959F67069 /* [CP] Embed Pods Frameworks */ = {
			isa = PBXShellScriptBuildPhase;
			buildActionMask = 2147483647;
			files = (
			);
			inputFileListPaths = (
				"${PODS_ROOT}/Target Support Files/Pods-Curel-CurelUITests/Pods-Curel-CurelUITests-frameworks-${CONFIGURATION}-input-files.xcfilelist",
			);
			name = "[CP] Embed Pods Frameworks";
			outputFileListPaths = (
				"${PODS_ROOT}/Target Support Files/Pods-Curel-CurelUITests/Pods-Curel-CurelUITests-frameworks-${CONFIGURATION}-output-files.xcfilelist",
			);
			runOnlyForDeploymentPostprocessing = 0;
			shellPath = /bin/sh;
			shellScript = "\"${PODS_ROOT}/Target Support Files/Pods-Curel-CurelUITests/Pods-Curel-CurelUITests-frameworks.sh\"\n";
			showEnvVarsInLog = 0;
		};
/* End PBXShellScriptBuildPhase section */

/* Begin PBXSourcesBuildPhase section */
		4D6DA69525F4EDFF00BF63B3 /* Sources */ = {
			isa = PBXSourcesBuildPhase;
			buildActionMask = 2147483647;
			files = (
				4D6DA69C25F4EDFF00BF63B3 /* CurelFaslaneUITests.swift in Sources */,
				4D6DA6A825F4EE6C00BF63B3 /* SnapshotHelper.swift in Sources */,
			);
			runOnlyForDeploymentPostprocessing = 0;
		};
		4DDE921E260330460028D97E /* Sources */ = {
			isa = PBXSourcesBuildPhase;
			buildActionMask = 2147483647;
			files = (
				4DC88BCF2647EFDA00343C5C /* RowController.swift in Sources */,
				4DDE922C260330460028D97E /* NotificationController.swift in Sources */,
				4DDE922E260330460028D97E /* ComplicationController.swift in Sources */,
				4DC88BE82647F33000343C5C /* Notification.swift in Sources */,
				4DC88BD82647F2E800343C5C /* Model.swift in Sources */,
				4DDE922A260330460028D97E /* ExtensionDelegate.swift in Sources */,
				4DC88BF72647F36400343C5C /* ViewModel.swift in Sources */,
				4DDE9228260330460028D97E /* InterfaceController.swift in Sources */,
			);
			runOnlyForDeploymentPostprocessing = 0;
		};
		4DEC7E1525EF95B200E2AB3F /* Sources */ = {
			isa = PBXSourcesBuildPhase;
			buildActionMask = 2147483647;
			files = (
				4DCDDEAB25EF9A4800920F52 /* ViewModel.swift in Sources */,
				4DEC7E2125EF95B200E2AB3F /* ViewController.swift in Sources */,
				4DEC7E1D25EF95B200E2AB3F /* AppDelegate.swift in Sources */,
				4D6DA65525F46EFD00BF63B3 /* UIColorEx.swift in Sources */,
				4D63942225F1A5FB00D1C715 /* Notification.swift in Sources */,
				4DCDDEB125EFC0F600920F52 /* DetailViewController.swift in Sources */,
				4D6D3E8925F24E3000DFBB6A /* Cell.swift in Sources */,
				4DEC7E1F25EF95B200E2AB3F /* SceneDelegate.swift in Sources */,
				4DCDDEA325EF9A3600920F52 /* Model.swift in Sources */,
			);
			runOnlyForDeploymentPostprocessing = 0;
		};
		4DEC7E2B25EF95B500E2AB3F /* Sources */ = {
			isa = PBXSourcesBuildPhase;
			buildActionMask = 2147483647;
			files = (
				4DEC7E3425EF95B500E2AB3F /* CurelTests.swift in Sources */,
			);
			runOnlyForDeploymentPostprocessing = 0;
		};
		4DEC7E3625EF95B500E2AB3F /* Sources */ = {
			isa = PBXSourcesBuildPhase;
			buildActionMask = 2147483647;
			files = (
				4DEC7E3F25EF95B500E2AB3F /* CurelUITests.swift in Sources */,
			);
			runOnlyForDeploymentPostprocessing = 0;
		};
/* End PBXSourcesBuildPhase section */

/* Begin PBXTargetDependency section */
		4D6DA69F25F4EDFF00BF63B3 /* PBXTargetDependency */ = {
			isa = PBXTargetDependency;
			target = 4DEC7E1825EF95B200E2AB3F /* Curel */;
			targetProxy = 4D6DA69E25F4EDFF00BF63B3 /* PBXContainerItemProxy */;
		};
		4DDE9225260330460028D97E /* PBXTargetDependency */ = {
			isa = PBXTargetDependency;
			target = 4DDE9221260330460028D97E /* CurelWatch Extension */;
			targetProxy = 4DDE9224260330460028D97E /* PBXContainerItemProxy */;
		};
		4DDE9234260330490028D97E /* PBXTargetDependency */ = {
			isa = PBXTargetDependency;
			target = 4DDE9215260330410028D97E /* CurelWatch */;
			targetProxy = 4DDE9233260330490028D97E /* PBXContainerItemProxy */;
		};
		4DEC7E3125EF95B500E2AB3F /* PBXTargetDependency */ = {
			isa = PBXTargetDependency;
			target = 4DEC7E1825EF95B200E2AB3F /* Curel */;
			targetProxy = 4DEC7E3025EF95B500E2AB3F /* PBXContainerItemProxy */;
		};
		4DEC7E3C25EF95B500E2AB3F /* PBXTargetDependency */ = {
			isa = PBXTargetDependency;
			target = 4DEC7E1825EF95B200E2AB3F /* Curel */;
			targetProxy = 4DEC7E3B25EF95B500E2AB3F /* PBXContainerItemProxy */;
		};
/* End PBXTargetDependency section */

/* Begin PBXVariantGroup section */
		4DDE9218260330410028D97E /* Interface.storyboard */ = {
			isa = PBXVariantGroup;
			children = (
				4DDE9219260330410028D97E /* Base */,
			);
			name = Interface.storyboard;
			sourceTree = "<group>";
		};
		4DEC7E2225EF95B200E2AB3F /* Main.storyboard */ = {
			isa = PBXVariantGroup;
			children = (
				4DEC7E2325EF95B200E2AB3F /* Base */,
			);
			name = Main.storyboard;
			sourceTree = "<group>";
		};
		4DEC7E2725EF95B500E2AB3F /* LaunchScreen.storyboard */ = {
			isa = PBXVariantGroup;
			children = (
				4DEC7E2825EF95B500E2AB3F /* Base */,
			);
			name = LaunchScreen.storyboard;
			sourceTree = "<group>";
		};
/* End PBXVariantGroup section */

/* Begin XCBuildConfiguration section */
		4D6DA6A025F4EDFF00BF63B3 /* Debug */ = {
			isa = XCBuildConfiguration;
			buildSettings = {
				CODE_SIGN_STYLE = Automatic;
				DEVELOPMENT_TEAM = FYH32YS72C;
				INFOPLIST_FILE = CurelFaslaneUITests/Info.plist;
				LD_RUNPATH_SEARCH_PATHS = (
					"$(inherited)",
					"@executable_path/Frameworks",
					"@loader_path/Frameworks",
				);
				PRODUCT_BUNDLE_IDENTIFIER = HTBRO.CurelFaslaneUITests;
				PRODUCT_NAME = "$(TARGET_NAME)";
				SWIFT_VERSION = 5.0;
				TARGETED_DEVICE_FAMILY = "1,2";
				TEST_TARGET_NAME = Curel;
			};
			name = Debug;
		};
		4D6DA6A125F4EDFF00BF63B3 /* Release */ = {
			isa = XCBuildConfiguration;
			buildSettings = {
				CODE_SIGN_STYLE = Automatic;
				DEVELOPMENT_TEAM = FYH32YS72C;
				INFOPLIST_FILE = CurelFaslaneUITests/Info.plist;
				LD_RUNPATH_SEARCH_PATHS = (
					"$(inherited)",
					"@executable_path/Frameworks",
					"@loader_path/Frameworks",
				);
				PRODUCT_BUNDLE_IDENTIFIER = HTBRO.CurelFaslaneUITests;
				PRODUCT_NAME = "$(TARGET_NAME)";
				SWIFT_VERSION = 5.0;
				TARGETED_DEVICE_FAMILY = "1,2";
				TEST_TARGET_NAME = Curel;
			};
			name = Release;
		};
		4DDE9237260330490028D97E /* Debug */ = {
			isa = XCBuildConfiguration;
			buildSettings = {
				ALWAYS_EMBED_SWIFT_STANDARD_LIBRARIES = YES;
				ASSETCATALOG_COMPILER_APPICON_NAME = AppIcon;
				ASSETCATALOG_COMPILER_GLOBAL_ACCENT_COLOR_NAME = AccentColor;
				CODE_SIGN_STYLE = Automatic;
				DEVELOPMENT_TEAM = FYH32YS72C;
				IBSC_MODULE = CurelWatch_Extension;
				INFOPLIST_FILE = CurelWatch/Info.plist;
				PRODUCT_BUNDLE_IDENTIFIER = HTBRO.Curel.watchkitapp;
				PRODUCT_NAME = "$(TARGET_NAME)";
				SDKROOT = watchos;
				SKIP_INSTALL = YES;
				SWIFT_VERSION = 5.0;
				TARGETED_DEVICE_FAMILY = 4;
				WATCHOS_DEPLOYMENT_TARGET = 7.2;
			};
			name = Debug;
		};
		4DDE9238260330490028D97E /* Release */ = {
			isa = XCBuildConfiguration;
			buildSettings = {
				ALWAYS_EMBED_SWIFT_STANDARD_LIBRARIES = YES;
				ASSETCATALOG_COMPILER_APPICON_NAME = AppIcon;
				ASSETCATALOG_COMPILER_GLOBAL_ACCENT_COLOR_NAME = AccentColor;
				CODE_SIGN_STYLE = Automatic;
				DEVELOPMENT_TEAM = FYH32YS72C;
				IBSC_MODULE = CurelWatch_Extension;
				INFOPLIST_FILE = CurelWatch/Info.plist;
				PRODUCT_BUNDLE_IDENTIFIER = HTBRO.Curel.watchkitapp;
				PRODUCT_NAME = "$(TARGET_NAME)";
				SDKROOT = watchos;
				SKIP_INSTALL = YES;
				SWIFT_VERSION = 5.0;
				TARGETED_DEVICE_FAMILY = 4;
				WATCHOS_DEPLOYMENT_TARGET = 7.2;
			};
			name = Release;
		};
		4DDE923A260330490028D97E /* Debug */ = {
			isa = XCBuildConfiguration;
			buildSettings = {
				ASSETCATALOG_COMPILER_COMPLICATION_NAME = Complication;
				CODE_SIGN_STYLE = Automatic;
				DEVELOPMENT_TEAM = FYH32YS72C;
				INFOPLIST_FILE = "CurelWatch Extension/Info.plist";
				LD_RUNPATH_SEARCH_PATHS = (
					"$(inherited)",
					"@executable_path/Frameworks",
					"@executable_path/../../Frameworks",
				);
				PRODUCT_BUNDLE_IDENTIFIER = HTBRO.Curel.watchkitapp.watchkitextension;
				PRODUCT_NAME = "${TARGET_NAME}";
				SDKROOT = watchos;
				SKIP_INSTALL = YES;
				SWIFT_VERSION = 5.0;
				TARGETED_DEVICE_FAMILY = 4;
				WATCHOS_DEPLOYMENT_TARGET = 7.2;
			};
			name = Debug;
		};
		4DDE923B260330490028D97E /* Release */ = {
			isa = XCBuildConfiguration;
			buildSettings = {
				ASSETCATALOG_COMPILER_COMPLICATION_NAME = Complication;
				CODE_SIGN_STYLE = Automatic;
				DEVELOPMENT_TEAM = FYH32YS72C;
				INFOPLIST_FILE = "CurelWatch Extension/Info.plist";
				LD_RUNPATH_SEARCH_PATHS = (
					"$(inherited)",
					"@executable_path/Frameworks",
					"@executable_path/../../Frameworks",
				);
				PRODUCT_BUNDLE_IDENTIFIER = HTBRO.Curel.watchkitapp.watchkitextension;
				PRODUCT_NAME = "${TARGET_NAME}";
				SDKROOT = watchos;
				SKIP_INSTALL = YES;
				SWIFT_VERSION = 5.0;
				TARGETED_DEVICE_FAMILY = 4;
				WATCHOS_DEPLOYMENT_TARGET = 7.2;
			};
			name = Release;
		};
		4DEC7E4125EF95B500E2AB3F /* Debug */ = {
			isa = XCBuildConfiguration;
			buildSettings = {
				ALWAYS_SEARCH_USER_PATHS = NO;
				CLANG_ANALYZER_NONNULL = YES;
				CLANG_ANALYZER_NUMBER_OBJECT_CONVERSION = YES_AGGRESSIVE;
				CLANG_CXX_LANGUAGE_STANDARD = "gnu++14";
				CLANG_CXX_LIBRARY = "libc++";
				CLANG_ENABLE_MODULES = YES;
				CLANG_ENABLE_OBJC_ARC = YES;
				CLANG_ENABLE_OBJC_WEAK = YES;
				CLANG_WARN_BLOCK_CAPTURE_AUTORELEASING = YES;
				CLANG_WARN_BOOL_CONVERSION = YES;
				CLANG_WARN_COMMA = YES;
				CLANG_WARN_CONSTANT_CONVERSION = YES;
				CLANG_WARN_DEPRECATED_OBJC_IMPLEMENTATIONS = YES;
				CLANG_WARN_DIRECT_OBJC_ISA_USAGE = YES_ERROR;
				CLANG_WARN_DOCUMENTATION_COMMENTS = YES;
				CLANG_WARN_EMPTY_BODY = YES;
				CLANG_WARN_ENUM_CONVERSION = YES;
				CLANG_WARN_INFINITE_RECURSION = YES;
				CLANG_WARN_INT_CONVERSION = YES;
				CLANG_WARN_NON_LITERAL_NULL_CONVERSION = YES;
				CLANG_WARN_OBJC_IMPLICIT_RETAIN_SELF = YES;
				CLANG_WARN_OBJC_LITERAL_CONVERSION = YES;
				CLANG_WARN_OBJC_ROOT_CLASS = YES_ERROR;
				CLANG_WARN_QUOTED_INCLUDE_IN_FRAMEWORK_HEADER = YES;
				CLANG_WARN_RANGE_LOOP_ANALYSIS = YES;
				CLANG_WARN_STRICT_PROTOTYPES = YES;
				CLANG_WARN_SUSPICIOUS_MOVE = YES;
				CLANG_WARN_UNGUARDED_AVAILABILITY = YES_AGGRESSIVE;
				CLANG_WARN_UNREACHABLE_CODE = YES;
				CLANG_WARN__DUPLICATE_METHOD_MATCH = YES;
				COPY_PHASE_STRIP = NO;
				DEBUG_INFORMATION_FORMAT = dwarf;
				ENABLE_STRICT_OBJC_MSGSEND = YES;
				ENABLE_TESTABILITY = YES;
				GCC_C_LANGUAGE_STANDARD = gnu11;
				GCC_DYNAMIC_NO_PIC = NO;
				GCC_NO_COMMON_BLOCKS = YES;
				GCC_OPTIMIZATION_LEVEL = 0;
				GCC_PREPROCESSOR_DEFINITIONS = (
					"DEBUG=1",
					"$(inherited)",
				);
				GCC_WARN_64_TO_32_BIT_CONVERSION = YES;
				GCC_WARN_ABOUT_RETURN_TYPE = YES_ERROR;
				GCC_WARN_UNDECLARED_SELECTOR = YES;
				GCC_WARN_UNINITIALIZED_AUTOS = YES_AGGRESSIVE;
				GCC_WARN_UNUSED_FUNCTION = YES;
				GCC_WARN_UNUSED_VARIABLE = YES;
				IPHONEOS_DEPLOYMENT_TARGET = 14.4;
				MTL_ENABLE_DEBUG_INFO = INCLUDE_SOURCE;
				MTL_FAST_MATH = YES;
				ONLY_ACTIVE_ARCH = YES;
				SDKROOT = iphoneos;
				SWIFT_ACTIVE_COMPILATION_CONDITIONS = DEBUG;
				SWIFT_OPTIMIZATION_LEVEL = "-Onone";
			};
			name = Debug;
		};
		4DEC7E4225EF95B500E2AB3F /* Release */ = {
			isa = XCBuildConfiguration;
			buildSettings = {
				ALWAYS_SEARCH_USER_PATHS = NO;
				CLANG_ANALYZER_NONNULL = YES;
				CLANG_ANALYZER_NUMBER_OBJECT_CONVERSION = YES_AGGRESSIVE;
				CLANG_CXX_LANGUAGE_STANDARD = "gnu++14";
				CLANG_CXX_LIBRARY = "libc++";
				CLANG_ENABLE_MODULES = YES;
				CLANG_ENABLE_OBJC_ARC = YES;
				CLANG_ENABLE_OBJC_WEAK = YES;
				CLANG_WARN_BLOCK_CAPTURE_AUTORELEASING = YES;
				CLANG_WARN_BOOL_CONVERSION = YES;
				CLANG_WARN_COMMA = YES;
				CLANG_WARN_CONSTANT_CONVERSION = YES;
				CLANG_WARN_DEPRECATED_OBJC_IMPLEMENTATIONS = YES;
				CLANG_WARN_DIRECT_OBJC_ISA_USAGE = YES_ERROR;
				CLANG_WARN_DOCUMENTATION_COMMENTS = YES;
				CLANG_WARN_EMPTY_BODY = YES;
				CLANG_WARN_ENUM_CONVERSION = YES;
				CLANG_WARN_INFINITE_RECURSION = YES;
				CLANG_WARN_INT_CONVERSION = YES;
				CLANG_WARN_NON_LITERAL_NULL_CONVERSION = YES;
				CLANG_WARN_OBJC_IMPLICIT_RETAIN_SELF = YES;
				CLANG_WARN_OBJC_LITERAL_CONVERSION = YES;
				CLANG_WARN_OBJC_ROOT_CLASS = YES_ERROR;
				CLANG_WARN_QUOTED_INCLUDE_IN_FRAMEWORK_HEADER = YES;
				CLANG_WARN_RANGE_LOOP_ANALYSIS = YES;
				CLANG_WARN_STRICT_PROTOTYPES = YES;
				CLANG_WARN_SUSPICIOUS_MOVE = YES;
				CLANG_WARN_UNGUARDED_AVAILABILITY = YES_AGGRESSIVE;
				CLANG_WARN_UNREACHABLE_CODE = YES;
				CLANG_WARN__DUPLICATE_METHOD_MATCH = YES;
				COPY_PHASE_STRIP = NO;
				DEBUG_INFORMATION_FORMAT = "dwarf-with-dsym";
				ENABLE_NS_ASSERTIONS = NO;
				ENABLE_STRICT_OBJC_MSGSEND = YES;
				GCC_C_LANGUAGE_STANDARD = gnu11;
				GCC_NO_COMMON_BLOCKS = YES;
				GCC_WARN_64_TO_32_BIT_CONVERSION = YES;
				GCC_WARN_ABOUT_RETURN_TYPE = YES_ERROR;
				GCC_WARN_UNDECLARED_SELECTOR = YES;
				GCC_WARN_UNINITIALIZED_AUTOS = YES_AGGRESSIVE;
				GCC_WARN_UNUSED_FUNCTION = YES;
				GCC_WARN_UNUSED_VARIABLE = YES;
				IPHONEOS_DEPLOYMENT_TARGET = 14.4;
				MTL_ENABLE_DEBUG_INFO = NO;
				MTL_FAST_MATH = YES;
				SDKROOT = iphoneos;
				SWIFT_COMPILATION_MODE = wholemodule;
				SWIFT_OPTIMIZATION_LEVEL = "-O";
				VALIDATE_PRODUCT = YES;
			};
			name = Release;
		};
		4DEC7E4425EF95B500E2AB3F /* Debug */ = {
			isa = XCBuildConfiguration;
			baseConfigurationReference = 3F960C62553D972BA251EDDD /* Pods-Curel.debug.xcconfig */;
			buildSettings = {
				ASSETCATALOG_COMPILER_APPICON_NAME = AppIcon;
				ASSETCATALOG_COMPILER_GLOBAL_ACCENT_COLOR_NAME = AccentColor;
				CODE_SIGN_STYLE = Automatic;
				CURRENT_PROJECT_VERSION = 5;
				DEVELOPMENT_TEAM = FYH32YS72C;
				INFOPLIST_FILE = Curel/Info.plist;
				LD_RUNPATH_SEARCH_PATHS = (
					"$(inherited)",
					"@executable_path/Frameworks",
				);
				PRODUCT_BUNDLE_IDENTIFIER = HTBRO.Curel;
				PRODUCT_NAME = "$(TARGET_NAME)";
				SWIFT_VERSION = 5.0;
				TARGETED_DEVICE_FAMILY = "1,2";
				VERSIONING_SYSTEM = "apple-generic";
			};
			name = Debug;
		};
		4DEC7E4525EF95B500E2AB3F /* Release */ = {
			isa = XCBuildConfiguration;
			baseConfigurationReference = 819EED1D080212A37A1A8BEA /* Pods-Curel.release.xcconfig */;
			buildSettings = {
				ASSETCATALOG_COMPILER_APPICON_NAME = AppIcon;
				ASSETCATALOG_COMPILER_GLOBAL_ACCENT_COLOR_NAME = AccentColor;
				CODE_SIGN_STYLE = Automatic;
				CURRENT_PROJECT_VERSION = 5;
				DEVELOPMENT_TEAM = FYH32YS72C;
				INFOPLIST_FILE = Curel/Info.plist;
				LD_RUNPATH_SEARCH_PATHS = (
					"$(inherited)",
					"@executable_path/Frameworks",
				);
				PRODUCT_BUNDLE_IDENTIFIER = HTBRO.Curel;
				PRODUCT_NAME = "$(TARGET_NAME)";
				SWIFT_VERSION = 5.0;
				TARGETED_DEVICE_FAMILY = "1,2";
				VERSIONING_SYSTEM = "apple-generic";
			};
			name = Release;
		};
		4DEC7E4725EF95B500E2AB3F /* Debug */ = {
			isa = XCBuildConfiguration;
			baseConfigurationReference = BE13D7DC4537E5942129A635 /* Pods-CurelTests.debug.xcconfig */;
			buildSettings = {
				ALWAYS_EMBED_SWIFT_STANDARD_LIBRARIES = YES;
				BUNDLE_LOADER = "$(TEST_HOST)";
				CODE_SIGN_STYLE = Automatic;
				DEVELOPMENT_TEAM = FYH32YS72C;
				INFOPLIST_FILE = CurelTests/Info.plist;
				IPHONEOS_DEPLOYMENT_TARGET = 14.4;
				LD_RUNPATH_SEARCH_PATHS = (
					"$(inherited)",
					"@executable_path/Frameworks",
					"@loader_path/Frameworks",
				);
				PRODUCT_BUNDLE_IDENTIFIER = HTBRO.CurelTests;
				PRODUCT_NAME = "$(TARGET_NAME)";
				SWIFT_VERSION = 5.0;
				TARGETED_DEVICE_FAMILY = "1,2";
				TEST_HOST = "$(BUILT_PRODUCTS_DIR)/Curel.app/Curel";
			};
			name = Debug;
		};
		4DEC7E4825EF95B500E2AB3F /* Release */ = {
			isa = XCBuildConfiguration;
			baseConfigurationReference = B53B7F948A388B7CF3660595 /* Pods-CurelTests.release.xcconfig */;
			buildSettings = {
				ALWAYS_EMBED_SWIFT_STANDARD_LIBRARIES = YES;
				BUNDLE_LOADER = "$(TEST_HOST)";
				CODE_SIGN_STYLE = Automatic;
				DEVELOPMENT_TEAM = FYH32YS72C;
				INFOPLIST_FILE = CurelTests/Info.plist;
				IPHONEOS_DEPLOYMENT_TARGET = 14.4;
				LD_RUNPATH_SEARCH_PATHS = (
					"$(inherited)",
					"@executable_path/Frameworks",
					"@loader_path/Frameworks",
				);
				PRODUCT_BUNDLE_IDENTIFIER = HTBRO.CurelTests;
				PRODUCT_NAME = "$(TARGET_NAME)";
				SWIFT_VERSION = 5.0;
				TARGETED_DEVICE_FAMILY = "1,2";
				TEST_HOST = "$(BUILT_PRODUCTS_DIR)/Curel.app/Curel";
			};
			name = Release;
		};
		4DEC7E4A25EF95B500E2AB3F /* Debug */ = {
			isa = XCBuildConfiguration;
			baseConfigurationReference = D93419CBBE88C224217BD4AE /* Pods-Curel-CurelUITests.debug.xcconfig */;
			buildSettings = {
				ALWAYS_EMBED_SWIFT_STANDARD_LIBRARIES = YES;
				CODE_SIGN_STYLE = Automatic;
				DEVELOPMENT_TEAM = FYH32YS72C;
				INFOPLIST_FILE = CurelUITests/Info.plist;
				LD_RUNPATH_SEARCH_PATHS = (
					"$(inherited)",
					"@executable_path/Frameworks",
					"@loader_path/Frameworks",
				);
				PRODUCT_BUNDLE_IDENTIFIER = HTBRO.CurelUITests;
				PRODUCT_NAME = "$(TARGET_NAME)";
				SWIFT_VERSION = 5.0;
				TARGETED_DEVICE_FAMILY = "1,2";
				TEST_TARGET_NAME = Curel;
			};
			name = Debug;
		};
		4DEC7E4B25EF95B500E2AB3F /* Release */ = {
			isa = XCBuildConfiguration;
			baseConfigurationReference = 39B205581CA92F22C28D27CF /* Pods-Curel-CurelUITests.release.xcconfig */;
			buildSettings = {
				ALWAYS_EMBED_SWIFT_STANDARD_LIBRARIES = YES;
				CODE_SIGN_STYLE = Automatic;
				DEVELOPMENT_TEAM = FYH32YS72C;
				INFOPLIST_FILE = CurelUITests/Info.plist;
				LD_RUNPATH_SEARCH_PATHS = (
					"$(inherited)",
					"@executable_path/Frameworks",
					"@loader_path/Frameworks",
				);
				PRODUCT_BUNDLE_IDENTIFIER = HTBRO.CurelUITests;
				PRODUCT_NAME = "$(TARGET_NAME)";
				SWIFT_VERSION = 5.0;
				TARGETED_DEVICE_FAMILY = "1,2";
				TEST_TARGET_NAME = Curel;
			};
			name = Release;
		};
/* End XCBuildConfiguration section */

/* Begin XCConfigurationList section */
		4D6DA6A225F4EDFF00BF63B3 /* Build configuration list for PBXNativeTarget "CurelFaslaneUITests" */ = {
			isa = XCConfigurationList;
			buildConfigurations = (
				4D6DA6A025F4EDFF00BF63B3 /* Debug */,
				4D6DA6A125F4EDFF00BF63B3 /* Release */,
			);
			defaultConfigurationIsVisible = 0;
			defaultConfigurationName = Release;
		};
		4DDE923C260330490028D97E /* Build configuration list for PBXNativeTarget "CurelWatch Extension" */ = {
			isa = XCConfigurationList;
			buildConfigurations = (
				4DDE923A260330490028D97E /* Debug */,
				4DDE923B260330490028D97E /* Release */,
			);
			defaultConfigurationIsVisible = 0;
			defaultConfigurationName = Release;
		};
		4DDE923D260330490028D97E /* Build configuration list for PBXNativeTarget "CurelWatch" */ = {
			isa = XCConfigurationList;
			buildConfigurations = (
				4DDE9237260330490028D97E /* Debug */,
				4DDE9238260330490028D97E /* Release */,
			);
			defaultConfigurationIsVisible = 0;
			defaultConfigurationName = Release;
		};
		4DEC7E1425EF95B200E2AB3F /* Build configuration list for PBXProject "Curel" */ = {
			isa = XCConfigurationList;
			buildConfigurations = (
				4DEC7E4125EF95B500E2AB3F /* Debug */,
				4DEC7E4225EF95B500E2AB3F /* Release */,
			);
			defaultConfigurationIsVisible = 0;
			defaultConfigurationName = Release;
		};
		4DEC7E4325EF95B500E2AB3F /* Build configuration list for PBXNativeTarget "Curel" */ = {
			isa = XCConfigurationList;
			buildConfigurations = (
				4DEC7E4425EF95B500E2AB3F /* Debug */,
				4DEC7E4525EF95B500E2AB3F /* Release */,
			);
			defaultConfigurationIsVisible = 0;
			defaultConfigurationName = Release;
		};
		4DEC7E4625EF95B500E2AB3F /* Build configuration list for PBXNativeTarget "CurelTests" */ = {
			isa = XCConfigurationList;
			buildConfigurations = (
				4DEC7E4725EF95B500E2AB3F /* Debug */,
				4DEC7E4825EF95B500E2AB3F /* Release */,
			);
			defaultConfigurationIsVisible = 0;
			defaultConfigurationName = Release;
		};
		4DEC7E4925EF95B500E2AB3F /* Build configuration list for PBXNativeTarget "CurelUITests" */ = {
			isa = XCConfigurationList;
			buildConfigurations = (
				4DEC7E4A25EF95B500E2AB3F /* Debug */,
				4DEC7E4B25EF95B500E2AB3F /* Release */,
			);
			defaultConfigurationIsVisible = 0;
			defaultConfigurationName = Release;
		};
/* End XCConfigurationList section */
	};
	rootObject = 4DEC7E1125EF95B200E2AB3F /* Project object */;
}
